// !$*UTF8*$!
{
	archiveVersion = 1;
	classes = {
	};
	objectVersion = 55;
	objects = {

/* Begin PBXBuildFile section */
		0B27336D2CB1EE8D00163F87 /* FirebaseAuth in Frameworks */ = {isa = PBXBuildFile; productRef = 0B27336C2CB1EE8D00163F87 /* FirebaseAuth */; };
		0B27336F2CB1F03E00163F87 /* FirebaseDatabase in Frameworks */ = {isa = PBXBuildFile; productRef = 0B27336E2CB1F03E00163F87 /* FirebaseDatabase */; };
		0B2733712CB1F06E00163F87 /* FirebaseFirestore in Frameworks */ = {isa = PBXBuildFile; productRef = 0B2733702CB1F06E00163F87 /* FirebaseFirestore */; };
		0B2733732CB1F07300163F87 /* FirebaseStorage in Frameworks */ = {isa = PBXBuildFile; productRef = 0B2733722CB1F07300163F87 /* FirebaseStorage */; };
		0B2733772CB1FE8800163F87 /* logo.png in Resources */ = {isa = PBXBuildFile; fileRef = 0B2733762CB1FE8800163F87 /* logo.png */; };
		0B2733792CB2000200163F87 /* RegisterViewController.swift in Sources */ = {isa = PBXBuildFile; fileRef = 0B2733782CB2000200163F87 /* RegisterViewController.swift */; };
		0B6793F02CB1DA80001DBE18 /* AppDelegate.swift in Sources */ = {isa = PBXBuildFile; fileRef = 0B6793EF2CB1DA80001DBE18 /* AppDelegate.swift */; };
		0B6793F22CB1DA80001DBE18 /* SceneDelegate.swift in Sources */ = {isa = PBXBuildFile; fileRef = 0B6793F12CB1DA80001DBE18 /* SceneDelegate.swift */; };
		0B6793F42CB1DA80001DBE18 /* LoginViewController.swift in Sources */ = {isa = PBXBuildFile; fileRef = 0B6793F32CB1DA80001DBE18 /* LoginViewController.swift */; };
		0B6793F72CB1DA80001DBE18 /* Base in Resources */ = {isa = PBXBuildFile; fileRef = 0B6793F62CB1DA80001DBE18 /* Base */; };
		0B6793F92CB1DA82001DBE18 /* Assets.xcassets in Resources */ = {isa = PBXBuildFile; fileRef = 0B6793F82CB1DA82001DBE18 /* Assets.xcassets */; };
		0B6793FC2CB1DA82001DBE18 /* Base in Resources */ = {isa = PBXBuildFile; fileRef = 0B6793FB2CB1DA82001DBE18 /* Base */; };
		0B6794082CB1DE2F001DBE18 /* AuthService.swift in Sources */ = {isa = PBXBuildFile; fileRef = 0B6794072CB1DE2F001DBE18 /* AuthService.swift */; };
		235B588D2CE2B9A300143770 /* EventosViewController.swift in Sources */ = {isa = PBXBuildFile; fileRef = 235B588C2CE2B9A300143770 /* EventosViewController.swift */; };
		235B588F2CE2BB3500143770 /* EventCell.swift in Sources */ = {isa = PBXBuildFile; fileRef = 235B588E2CE2BB3500143770 /* EventCell.swift */; };
		23C862842CEBECA800DEC94F /* NegociosViewController.swift in Sources */ = {isa = PBXBuildFile; fileRef = 23C862832CEBECA800DEC94F /* NegociosViewController.swift */; };
		23C8628C2CEBF35200DEC94F /* NegocioCell.swift in Sources */ = {isa = PBXBuildFile; fileRef = 23C8628B2CEBF35200DEC94F /* NegocioCell.swift */; };
		63E445FF2CD315A90050B115 /* inicioViewController.swift in Sources */ = {isa = PBXBuildFile; fileRef = 63E445FE2CD315A90050B115 /* inicioViewController.swift */; };
		EF39EEA82CF6629D00C3F822 /* SidebarViewController.swift in Sources */ = {isa = PBXBuildFile; fileRef = EF39EEA72CF6629D00C3F822 /* SidebarViewController.swift */; };
		EF4848542CF8FCB800B19A09 /* ReservationsViewController.swift in Sources */ = {isa = PBXBuildFile; fileRef = EF4848532CF8FCB800B19A09 /* ReservationsViewController.swift */; };
		EF4848562CF8FE1500B19A09 /* ReservationCell.swift in Sources */ = {isa = PBXBuildFile; fileRef = EF4848552CF8FE1500B19A09 /* ReservationCell.swift */; };
		EF4848582CF91CE300B19A09 /* TableViewManager.swift in Sources */ = {isa = PBXBuildFile; fileRef = EF4848572CF91CE300B19A09 /* TableViewManager.swift */; };
		EF48485A2CF94C1A00B19A09 /* MakeReservationViewController.swift in Sources */ = {isa = PBXBuildFile; fileRef = EF4848592CF94C1A00B19A09 /* MakeReservationViewController.swift */; };
		EF48485C2CF9986C00B19A09 /* GoogleService-Info.plist in Resources */ = {isa = PBXBuildFile; fileRef = EF48485B2CF9986C00B19A09 /* GoogleService-Info.plist */; };
		EF48485E2CF9B22100B19A09 /* Reservation.swift in Sources */ = {isa = PBXBuildFile; fileRef = EF48485D2CF9B22100B19A09 /* Reservation.swift */; };
		EF5063E92CFA13FE00A788ED /* Event.swift in Sources */ = {isa = PBXBuildFile; fileRef = EF5063E82CFA13FE00A788ED /* Event.swift */; };
		EF5063EB2CFA142900A788ED /* Business.swift in Sources */ = {isa = PBXBuildFile; fileRef = EF5063EA2CFA142900A788ED /* Business.swift */; };
		EF5063EE2CFA499600A788ED /* BusinessService.swift in Sources */ = {isa = PBXBuildFile; fileRef = EF5063ED2CFA499600A788ED /* BusinessService.swift */; };
		EF5063F22CFA7D2100A788ED /* EventService.swift in Sources */ = {isa = PBXBuildFile; fileRef = EF5063F12CFA7D2100A788ED /* EventService.swift */; };
		EF5063F42CFA82E400A788ED /* ReservationService.swift in Sources */ = {isa = PBXBuildFile; fileRef = EF5063F32CFA82E400A788ED /* ReservationService.swift */; };
		EF76DA7C2CFD12B700D0D4A6 /* ImageLoaderManager.swift in Sources */ = {isa = PBXBuildFile; fileRef = EF76DA7B2CFD12B700D0D4A6 /* ImageLoaderManager.swift */; };
		EF76DA7E2CFD16CC00D0D4A6 /* DateFormatterManager.swift in Sources */ = {isa = PBXBuildFile; fileRef = EF76DA7D2CFD16CC00D0D4A6 /* DateFormatterManager.swift */; };
		EF76DA802CFD175900D0D4A6 /* GeocoderManager.swift in Sources */ = {isa = PBXBuildFile; fileRef = EF76DA7F2CFD175900D0D4A6 /* GeocoderManager.swift */; };
		EF76DA822CFD19C600D0D4A6 /* AlertManager.swift in Sources */ = {isa = PBXBuildFile; fileRef = EF76DA812CFD19C600D0D4A6 /* AlertManager.swift */; };
		EFA3239F2CF8284F0088D0D3 /* MenuManager.swift in Sources */ = {isa = PBXBuildFile; fileRef = EFA3239E2CF8284F0088D0D3 /* MenuManager.swift */; };
		EFA323A22CF82C7A0088D0D3 /* NavigationBarManager.swift in Sources */ = {isa = PBXBuildFile; fileRef = EFA323A12CF82C7A0088D0D3 /* NavigationBarManager.swift */; };
		EFA323AA2CF86CE60088D0D3 /* DetailsViewController.swift in Sources */ = {isa = PBXBuildFile; fileRef = EFA323A92CF86CE60088D0D3 /* DetailsViewController.swift */; };
		EFD09ED62CFE11AF007CBCA1 /* BusinessSearchManager.swift in Sources */ = {isa = PBXBuildFile; fileRef = EFD09ED52CFE11AF007CBCA1 /* BusinessSearchManager.swift */; };
/* End PBXBuildFile section */

/* Begin PBXFileReference section */
		0B2733762CB1FE8800163F87 /* logo.png */ = {isa = PBXFileReference; lastKnownFileType = image.png; path = logo.png; sourceTree = "<group>"; };
		0B2733782CB2000200163F87 /* RegisterViewController.swift */ = {isa = PBXFileReference; lastKnownFileType = sourcecode.swift; path = RegisterViewController.swift; sourceTree = "<group>"; };
		0B6793EC2CB1DA80001DBE18 /* mistikaios.app */ = {isa = PBXFileReference; explicitFileType = wrapper.application; includeInIndex = 0; path = mistikaios.app; sourceTree = BUILT_PRODUCTS_DIR; };
		0B6793EF2CB1DA80001DBE18 /* AppDelegate.swift */ = {isa = PBXFileReference; lastKnownFileType = sourcecode.swift; path = AppDelegate.swift; sourceTree = "<group>"; };
		0B6793F12CB1DA80001DBE18 /* SceneDelegate.swift */ = {isa = PBXFileReference; lastKnownFileType = sourcecode.swift; path = SceneDelegate.swift; sourceTree = "<group>"; };
		0B6793F32CB1DA80001DBE18 /* LoginViewController.swift */ = {isa = PBXFileReference; lastKnownFileType = sourcecode.swift; path = LoginViewController.swift; sourceTree = "<group>"; };
		0B6793F62CB1DA80001DBE18 /* Base */ = {isa = PBXFileReference; lastKnownFileType = file.storyboard; name = Base; path = Base.lproj/Main.storyboard; sourceTree = "<group>"; };
		0B6793F82CB1DA82001DBE18 /* Assets.xcassets */ = {isa = PBXFileReference; lastKnownFileType = folder.assetcatalog; path = Assets.xcassets; sourceTree = "<group>"; };
		0B6793FB2CB1DA82001DBE18 /* Base */ = {isa = PBXFileReference; lastKnownFileType = file.storyboard; name = Base; path = Base.lproj/LaunchScreen.storyboard; sourceTree = "<group>"; };
		0B6793FD2CB1DA82001DBE18 /* Info.plist */ = {isa = PBXFileReference; lastKnownFileType = text.plist.xml; path = Info.plist; sourceTree = "<group>"; };
		0B6794072CB1DE2F001DBE18 /* AuthService.swift */ = {isa = PBXFileReference; lastKnownFileType = sourcecode.swift; path = AuthService.swift; sourceTree = "<group>"; };
		235B588C2CE2B9A300143770 /* EventosViewController.swift */ = {isa = PBXFileReference; fileEncoding = 4; lastKnownFileType = sourcecode.swift; path = EventosViewController.swift; sourceTree = "<group>"; };
		235B588E2CE2BB3500143770 /* EventCell.swift */ = {isa = PBXFileReference; fileEncoding = 4; lastKnownFileType = sourcecode.swift; path = EventCell.swift; sourceTree = "<group>"; };
		23C862832CEBECA800DEC94F /* NegociosViewController.swift */ = {isa = PBXFileReference; lastKnownFileType = sourcecode.swift; path = NegociosViewController.swift; sourceTree = "<group>"; };
		23C8628B2CEBF35200DEC94F /* NegocioCell.swift */ = {isa = PBXFileReference; lastKnownFileType = sourcecode.swift; path = NegocioCell.swift; sourceTree = "<group>"; };
		63E445FE2CD315A90050B115 /* inicioViewController.swift */ = {isa = PBXFileReference; lastKnownFileType = sourcecode.swift; path = inicioViewController.swift; sourceTree = "<group>"; };
		EF39EEA72CF6629D00C3F822 /* SidebarViewController.swift */ = {isa = PBXFileReference; lastKnownFileType = sourcecode.swift; path = SidebarViewController.swift; sourceTree = "<group>"; };
		EF4848532CF8FCB800B19A09 /* ReservationsViewController.swift */ = {isa = PBXFileReference; lastKnownFileType = sourcecode.swift; path = ReservationsViewController.swift; sourceTree = "<group>"; };
		EF4848552CF8FE1500B19A09 /* ReservationCell.swift */ = {isa = PBXFileReference; lastKnownFileType = sourcecode.swift; path = ReservationCell.swift; sourceTree = "<group>"; };
		EF4848572CF91CE300B19A09 /* TableViewManager.swift */ = {isa = PBXFileReference; lastKnownFileType = sourcecode.swift; path = TableViewManager.swift; sourceTree = "<group>"; };
		EF4848592CF94C1A00B19A09 /* MakeReservationViewController.swift */ = {isa = PBXFileReference; lastKnownFileType = sourcecode.swift; path = MakeReservationViewController.swift; sourceTree = "<group>"; };
		EF48485B2CF9986C00B19A09 /* GoogleService-Info.plist */ = {isa = PBXFileReference; fileEncoding = 4; lastKnownFileType = text.plist.xml; name = "GoogleService-Info.plist"; path = "../../../../../../Downloads/GoogleService-Info.plist"; sourceTree = "<group>"; };
		EF48485D2CF9B22100B19A09 /* Reservation.swift */ = {isa = PBXFileReference; lastKnownFileType = sourcecode.swift; path = Reservation.swift; sourceTree = "<group>"; };
		EF5063E82CFA13FE00A788ED /* Event.swift */ = {isa = PBXFileReference; lastKnownFileType = sourcecode.swift; path = Event.swift; sourceTree = "<group>"; };
		EF5063EA2CFA142900A788ED /* Business.swift */ = {isa = PBXFileReference; lastKnownFileType = sourcecode.swift; path = Business.swift; sourceTree = "<group>"; };
		EF5063ED2CFA499600A788ED /* BusinessService.swift */ = {isa = PBXFileReference; lastKnownFileType = sourcecode.swift; path = BusinessService.swift; sourceTree = "<group>"; };
		EF5063F12CFA7D2100A788ED /* EventService.swift */ = {isa = PBXFileReference; lastKnownFileType = sourcecode.swift; path = EventService.swift; sourceTree = "<group>"; };
		EF5063F32CFA82E400A788ED /* ReservationService.swift */ = {isa = PBXFileReference; lastKnownFileType = sourcecode.swift; path = ReservationService.swift; sourceTree = "<group>"; };
		EF76DA7B2CFD12B700D0D4A6 /* ImageLoaderManager.swift */ = {isa = PBXFileReference; lastKnownFileType = sourcecode.swift; path = ImageLoaderManager.swift; sourceTree = "<group>"; };
		EF76DA7D2CFD16CC00D0D4A6 /* DateFormatterManager.swift */ = {isa = PBXFileReference; lastKnownFileType = sourcecode.swift; path = DateFormatterManager.swift; sourceTree = "<group>"; };
		EF76DA7F2CFD175900D0D4A6 /* GeocoderManager.swift */ = {isa = PBXFileReference; lastKnownFileType = sourcecode.swift; path = GeocoderManager.swift; sourceTree = "<group>"; };
		EF76DA812CFD19C600D0D4A6 /* AlertManager.swift */ = {isa = PBXFileReference; lastKnownFileType = sourcecode.swift; path = AlertManager.swift; sourceTree = "<group>"; };
		EFA3239E2CF8284F0088D0D3 /* MenuManager.swift */ = {isa = PBXFileReference; lastKnownFileType = sourcecode.swift; path = MenuManager.swift; sourceTree = "<group>"; };
		EFA323A12CF82C7A0088D0D3 /* NavigationBarManager.swift */ = {isa = PBXFileReference; lastKnownFileType = sourcecode.swift; path = NavigationBarManager.swift; sourceTree = "<group>"; };
		EFA323A92CF86CE60088D0D3 /* DetailsViewController.swift */ = {isa = PBXFileReference; lastKnownFileType = sourcecode.swift; path = DetailsViewController.swift; sourceTree = "<group>"; };
		EFD09ED52CFE11AF007CBCA1 /* BusinessSearchManager.swift */ = {isa = PBXFileReference; lastKnownFileType = sourcecode.swift; path = BusinessSearchManager.swift; sourceTree = "<group>"; };
/* End PBXFileReference section */

/* Begin PBXFrameworksBuildPhase section */
		0B6793E92CB1DA80001DBE18 /* Frameworks */ = {
			isa = PBXFrameworksBuildPhase;
			buildActionMask = 2147483647;
			files = (
				0B27336F2CB1F03E00163F87 /* FirebaseDatabase in Frameworks */,
				0B2733732CB1F07300163F87 /* FirebaseStorage in Frameworks */,
				0B27336D2CB1EE8D00163F87 /* FirebaseAuth in Frameworks */,
				0B2733712CB1F06E00163F87 /* FirebaseFirestore in Frameworks */,
			);
			runOnlyForDeploymentPostprocessing = 0;
		};
/* End PBXFrameworksBuildPhase section */

/* Begin PBXGroup section */
		0B27336B2CB1EE8D00163F87 /* Frameworks */ = {
			isa = PBXGroup;
			children = (
			);
			name = Frameworks;
			sourceTree = "<group>";
		};
		0B6793E32CB1DA80001DBE18 = {
			isa = PBXGroup;
			children = (
				0B6793EE2CB1DA80001DBE18 /* mistikaios */,
				0B6793ED2CB1DA80001DBE18 /* Products */,
				0B27336B2CB1EE8D00163F87 /* Frameworks */,
			);
			sourceTree = "<group>";
		};
		0B6793ED2CB1DA80001DBE18 /* Products */ = {
			isa = PBXGroup;
			children = (
				0B6793EC2CB1DA80001DBE18 /* mistikaios.app */,
			);
			name = Products;
			sourceTree = "<group>";
		};
		0B6793EE2CB1DA80001DBE18 /* mistikaios */ = {
			isa = PBXGroup;
			children = (
				0B2733762CB1FE8800163F87 /* logo.png */,
				0B6794032CB1DC94001DBE18 /* Models */,
				0B6794062CB1DCDA001DBE18 /* Services */,
				EFA323A02CF82AA20088D0D3 /* Managers */,
				0B6794052CB1DCAA001DBE18 /* Controllers */,
				0B6793EF2CB1DA80001DBE18 /* AppDelegate.swift */,
				0B6793F12CB1DA80001DBE18 /* SceneDelegate.swift */,
				0B6793F52CB1DA80001DBE18 /* Main.storyboard */,
				0B6793F82CB1DA82001DBE18 /* Assets.xcassets */,
				0B6793FA2CB1DA82001DBE18 /* LaunchScreen.storyboard */,
				0B6793FD2CB1DA82001DBE18 /* Info.plist */,
				EF48485B2CF9986C00B19A09 /* GoogleService-Info.plist */,
			);
			path = mistikaios;
			sourceTree = "<group>";
		};
		0B6794032CB1DC94001DBE18 /* Models */ = {
			isa = PBXGroup;
			children = (
				EF5063E82CFA13FE00A788ED /* Event.swift */,
				EF5063EA2CFA142900A788ED /* Business.swift */,
				EF48485D2CF9B22100B19A09 /* Reservation.swift */,
			);
			path = Models;
			sourceTree = "<group>";
		};
		0B6794052CB1DCAA001DBE18 /* Controllers */ = {
			isa = PBXGroup;
			children = (
				0B6793F32CB1DA80001DBE18 /* LoginViewController.swift */,
				0B2733782CB2000200163F87 /* RegisterViewController.swift */,
				63E445FE2CD315A90050B115 /* inicioViewController.swift */,
				23C862832CEBECA800DEC94F /* NegociosViewController.swift */,
				235B588C2CE2B9A300143770 /* EventosViewController.swift */,
				EF39EEA72CF6629D00C3F822 /* SidebarViewController.swift */,
				EFA323A92CF86CE60088D0D3 /* DetailsViewController.swift */,
				EF4848532CF8FCB800B19A09 /* ReservationsViewController.swift */,
				EF4848592CF94C1A00B19A09 /* MakeReservationViewController.swift */,
				EF73D7292CF59660005F60D8 /* CellControllers */,
			);
			path = Controllers;
			sourceTree = "<group>";
		};
		0B6794062CB1DCDA001DBE18 /* Services */ = {
			isa = PBXGroup;
			children = (
				0B6794072CB1DE2F001DBE18 /* AuthService.swift */,
				EF5063ED2CFA499600A788ED /* BusinessService.swift */,
				EF5063F12CFA7D2100A788ED /* EventService.swift */,
				EF5063F32CFA82E400A788ED /* ReservationService.swift */,
			);
			path = Services;
			sourceTree = "<group>";
		};
		EF73D7292CF59660005F60D8 /* CellControllers */ = {
			isa = PBXGroup;
			children = (
				23C8628B2CEBF35200DEC94F /* NegocioCell.swift */,
				235B588E2CE2BB3500143770 /* EventCell.swift */,
				EF4848552CF8FE1500B19A09 /* ReservationCell.swift */,
			);
			path = CellControllers;
			sourceTree = "<group>";
		};
		EFA323A02CF82AA20088D0D3 /* Managers */ = {
			isa = PBXGroup;
			children = (
				EFA3239E2CF8284F0088D0D3 /* MenuManager.swift */,
				EFA323A12CF82C7A0088D0D3 /* NavigationBarManager.swift */,
				EF4848572CF91CE300B19A09 /* TableViewManager.swift */,
				EF76DA7B2CFD12B700D0D4A6 /* ImageLoaderManager.swift */,
				EF76DA7D2CFD16CC00D0D4A6 /* DateFormatterManager.swift */,
				EF76DA7F2CFD175900D0D4A6 /* GeocoderManager.swift */,
				EF76DA812CFD19C600D0D4A6 /* AlertManager.swift */,
				EFD09ED52CFE11AF007CBCA1 /* BusinessSearchManager.swift */,
			);
			path = Managers;
			sourceTree = "<group>";
		};
/* End PBXGroup section */

/* Begin PBXNativeTarget section */
		0B6793EB2CB1DA80001DBE18 /* mistikaios */ = {
			isa = PBXNativeTarget;
			buildConfigurationList = 0B6794002CB1DA82001DBE18 /* Build configuration list for PBXNativeTarget "mistikaios" */;
			buildPhases = (
				0B6793E82CB1DA80001DBE18 /* Sources */,
				0B6793E92CB1DA80001DBE18 /* Frameworks */,
				0B6793EA2CB1DA80001DBE18 /* Resources */,
			);
			buildRules = (
			);
			dependencies = (
			);
			name = mistikaios;
			packageProductDependencies = (
				0B27336C2CB1EE8D00163F87 /* FirebaseAuth */,
				0B27336E2CB1F03E00163F87 /* FirebaseDatabase */,
				0B2733702CB1F06E00163F87 /* FirebaseFirestore */,
				0B2733722CB1F07300163F87 /* FirebaseStorage */,
			);
			productName = mistikaios;
			productReference = 0B6793EC2CB1DA80001DBE18 /* mistikaios.app */;
			productType = "com.apple.product-type.application";
		};
/* End PBXNativeTarget section */

/* Begin PBXProject section */
		0B6793E42CB1DA80001DBE18 /* Project object */ = {
			isa = PBXProject;
			attributes = {
				BuildIndependentTargetsInParallel = 1;
				LastSwiftUpdateCheck = 1540;
				LastUpgradeCheck = 1540;
				TargetAttributes = {
					0B6793EB2CB1DA80001DBE18 = {
						CreatedOnToolsVersion = 15.4;
						LastSwiftMigration = 1340;
					};
				};
			};
			buildConfigurationList = 0B6793E72CB1DA80001DBE18 /* Build configuration list for PBXProject "mistikaios" */;
			compatibilityVersion = "Xcode 13.0";
			developmentRegion = en;
			hasScannedForEncodings = 0;
			knownRegions = (
				en,
				Base,
			);
			mainGroup = 0B6793E32CB1DA80001DBE18;
			packageReferences = (
				0B27336A2CB1EE5900163F87 /* XCRemoteSwiftPackageReference "firebase-ios-sdk" */,
			);
			productRefGroup = 0B6793ED2CB1DA80001DBE18 /* Products */;
			projectDirPath = "";
			projectRoot = "";
			targets = (
				0B6793EB2CB1DA80001DBE18 /* mistikaios */,
			);
		};
/* End PBXProject section */

/* Begin PBXResourcesBuildPhase section */
		0B6793EA2CB1DA80001DBE18 /* Resources */ = {
			isa = PBXResourcesBuildPhase;
			buildActionMask = 2147483647;
			files = (
				0B6793F92CB1DA82001DBE18 /* Assets.xcassets in Resources */,
				0B2733772CB1FE8800163F87 /* logo.png in Resources */,
				EF48485C2CF9986C00B19A09 /* GoogleService-Info.plist in Resources */,
				0B6793FC2CB1DA82001DBE18 /* Base in Resources */,
				0B6793F72CB1DA80001DBE18 /* Base in Resources */,
			);
			runOnlyForDeploymentPostprocessing = 0;
		};
/* End PBXResourcesBuildPhase section */

/* Begin PBXSourcesBuildPhase section */
		0B6793E82CB1DA80001DBE18 /* Sources */ = {
			isa = PBXSourcesBuildPhase;
			buildActionMask = 2147483647;
			files = (
				0B6793F42CB1DA80001DBE18 /* LoginViewController.swift in Sources */,
				EF5063EE2CFA499600A788ED /* BusinessService.swift in Sources */,
				EF5063EB2CFA142900A788ED /* Business.swift in Sources */,
				EF4848582CF91CE300B19A09 /* TableViewManager.swift in Sources */,
				EF76DA7E2CFD16CC00D0D4A6 /* DateFormatterManager.swift in Sources */,
				EF5063F22CFA7D2100A788ED /* EventService.swift in Sources */,
				63E445FF2CD315A90050B115 /* inicioViewController.swift in Sources */,
				0B2733792CB2000200163F87 /* RegisterViewController.swift in Sources */,
				EF48485A2CF94C1A00B19A09 /* MakeReservationViewController.swift in Sources */,
				EF39EEA82CF6629D00C3F822 /* SidebarViewController.swift in Sources */,
				235B588D2CE2B9A300143770 /* EventosViewController.swift in Sources */,
				EF76DA802CFD175900D0D4A6 /* GeocoderManager.swift in Sources */,
				EF76DA822CFD19C600D0D4A6 /* AlertManager.swift in Sources */,
				EFD09ED62CFE11AF007CBCA1 /* BusinessSearchManager.swift in Sources */,
				EF4848562CF8FE1500B19A09 /* ReservationCell.swift in Sources */,
				EF5063F42CFA82E400A788ED /* ReservationService.swift in Sources */,
				23C862842CEBECA800DEC94F /* NegociosViewController.swift in Sources */,
				235B588F2CE2BB3500143770 /* EventCell.swift in Sources */,
				EFA323A22CF82C7A0088D0D3 /* NavigationBarManager.swift in Sources */,
				0B6793F02CB1DA80001DBE18 /* AppDelegate.swift in Sources */,
				EF48485E2CF9B22100B19A09 /* Reservation.swift in Sources */,
				EF5063E92CFA13FE00A788ED /* Event.swift in Sources */,
				EFA323AA2CF86CE60088D0D3 /* DetailsViewController.swift in Sources */,
				23C8628C2CEBF35200DEC94F /* NegocioCell.swift in Sources */,
				EF76DA7C2CFD12B700D0D4A6 /* ImageLoaderManager.swift in Sources */,
				EFA3239F2CF8284F0088D0D3 /* MenuManager.swift in Sources */,
				0B6794082CB1DE2F001DBE18 /* AuthService.swift in Sources */,
				0B6793F22CB1DA80001DBE18 /* SceneDelegate.swift in Sources */,
				EF4848542CF8FCB800B19A09 /* ReservationsViewController.swift in Sources */,
			);
			runOnlyForDeploymentPostprocessing = 0;
		};
/* End PBXSourcesBuildPhase section */

/* Begin PBXVariantGroup section */
		0B6793F52CB1DA80001DBE18 /* Main.storyboard */ = {
			isa = PBXVariantGroup;
			children = (
				0B6793F62CB1DA80001DBE18 /* Base */,
			);
			name = Main.storyboard;
			sourceTree = "<group>";
		};
		0B6793FA2CB1DA82001DBE18 /* LaunchScreen.storyboard */ = {
			isa = PBXVariantGroup;
			children = (
				0B6793FB2CB1DA82001DBE18 /* Base */,
			);
			name = LaunchScreen.storyboard;
			sourceTree = "<group>";
		};
/* End PBXVariantGroup section */

/* Begin XCBuildConfiguration section */
		0B6793FE2CB1DA82001DBE18 /* Debug */ = {
			isa = XCBuildConfiguration;
			buildSettings = {
				ALWAYS_SEARCH_USER_PATHS = NO;
				ASSETCATALOG_COMPILER_GENERATE_SWIFT_ASSET_SYMBOL_EXTENSIONS = YES;
				CLANG_ANALYZER_NONNULL = YES;
				CLANG_ANALYZER_NUMBER_OBJECT_CONVERSION = YES_AGGRESSIVE;
				CLANG_CXX_LANGUAGE_STANDARD = "gnu++20";
				CLANG_ENABLE_MODULES = YES;
				CLANG_ENABLE_OBJC_ARC = YES;
				CLANG_ENABLE_OBJC_WEAK = YES;
				CLANG_WARN_BLOCK_CAPTURE_AUTORELEASING = YES;
				CLANG_WARN_BOOL_CONVERSION = YES;
				CLANG_WARN_COMMA = YES;
				CLANG_WARN_CONSTANT_CONVERSION = YES;
				CLANG_WARN_DEPRECATED_OBJC_IMPLEMENTATIONS = YES;
				CLANG_WARN_DIRECT_OBJC_ISA_USAGE = YES_ERROR;
				CLANG_WARN_DOCUMENTATION_COMMENTS = YES;
				CLANG_WARN_EMPTY_BODY = YES;
				CLANG_WARN_ENUM_CONVERSION = YES;
				CLANG_WARN_INFINITE_RECURSION = YES;
				CLANG_WARN_INT_CONVERSION = YES;
				CLANG_WARN_NON_LITERAL_NULL_CONVERSION = YES;
				CLANG_WARN_OBJC_IMPLICIT_RETAIN_SELF = YES;
				CLANG_WARN_OBJC_LITERAL_CONVERSION = YES;
				CLANG_WARN_OBJC_ROOT_CLASS = YES_ERROR;
				CLANG_WARN_QUOTED_INCLUDE_IN_FRAMEWORK_HEADER = YES;
				CLANG_WARN_RANGE_LOOP_ANALYSIS = YES;
				CLANG_WARN_STRICT_PROTOTYPES = YES;
				CLANG_WARN_SUSPICIOUS_MOVE = YES;
				CLANG_WARN_UNGUARDED_AVAILABILITY = YES_AGGRESSIVE;
				CLANG_WARN_UNREACHABLE_CODE = YES;
				CLANG_WARN__DUPLICATE_METHOD_MATCH = YES;
				COPY_PHASE_STRIP = NO;
				DEBUG_INFORMATION_FORMAT = dwarf;
				ENABLE_STRICT_OBJC_MSGSEND = YES;
				ENABLE_TESTABILITY = YES;
				ENABLE_USER_SCRIPT_SANDBOXING = YES;
				GCC_C_LANGUAGE_STANDARD = gnu17;
				GCC_DYNAMIC_NO_PIC = NO;
				GCC_NO_COMMON_BLOCKS = YES;
				GCC_OPTIMIZATION_LEVEL = 0;
				GCC_PREPROCESSOR_DEFINITIONS = (
					"DEBUG=1",
					"$(inherited)",
				);
				GCC_WARN_64_TO_32_BIT_CONVERSION = YES;
				GCC_WARN_ABOUT_RETURN_TYPE = YES_ERROR;
				GCC_WARN_UNDECLARED_SELECTOR = YES;
				GCC_WARN_UNINITIALIZED_AUTOS = YES_AGGRESSIVE;
				GCC_WARN_UNUSED_FUNCTION = YES;
				GCC_WARN_UNUSED_VARIABLE = YES;
				IPHONEOS_DEPLOYMENT_TARGET = 17.5;
				LOCALIZATION_PREFERS_STRING_CATALOGS = YES;
				MTL_ENABLE_DEBUG_INFO = INCLUDE_SOURCE;
				MTL_FAST_MATH = YES;
				ONLY_ACTIVE_ARCH = YES;
				SDKROOT = iphoneos;
				SWIFT_ACTIVE_COMPILATION_CONDITIONS = "DEBUG $(inherited)";
				SWIFT_OPTIMIZATION_LEVEL = "-Onone";
			};
			name = Debug;
		};
		0B6793FF2CB1DA82001DBE18 /* Release */ = {
			isa = XCBuildConfiguration;
			buildSettings = {
				ALWAYS_SEARCH_USER_PATHS = NO;
				ASSETCATALOG_COMPILER_GENERATE_SWIFT_ASSET_SYMBOL_EXTENSIONS = YES;
				CLANG_ANALYZER_NONNULL = YES;
				CLANG_ANALYZER_NUMBER_OBJECT_CONVERSION = YES_AGGRESSIVE;
				CLANG_CXX_LANGUAGE_STANDARD = "gnu++20";
				CLANG_ENABLE_MODULES = YES;
				CLANG_ENABLE_OBJC_ARC = YES;
				CLANG_ENABLE_OBJC_WEAK = YES;
				CLANG_WARN_BLOCK_CAPTURE_AUTORELEASING = YES;
				CLANG_WARN_BOOL_CONVERSION = YES;
				CLANG_WARN_COMMA = YES;
				CLANG_WARN_CONSTANT_CONVERSION = YES;
				CLANG_WARN_DEPRECATED_OBJC_IMPLEMENTATIONS = YES;
				CLANG_WARN_DIRECT_OBJC_ISA_USAGE = YES_ERROR;
				CLANG_WARN_DOCUMENTATION_COMMENTS = YES;
				CLANG_WARN_EMPTY_BODY = YES;
				CLANG_WARN_ENUM_CONVERSION = YES;
				CLANG_WARN_INFINITE_RECURSION = YES;
				CLANG_WARN_INT_CONVERSION = YES;
				CLANG_WARN_NON_LITERAL_NULL_CONVERSION = YES;
				CLANG_WARN_OBJC_IMPLICIT_RETAIN_SELF = YES;
				CLANG_WARN_OBJC_LITERAL_CONVERSION = YES;
				CLANG_WARN_OBJC_ROOT_CLASS = YES_ERROR;
				CLANG_WARN_QUOTED_INCLUDE_IN_FRAMEWORK_HEADER = YES;
				CLANG_WARN_RANGE_LOOP_ANALYSIS = YES;
				CLANG_WARN_STRICT_PROTOTYPES = YES;
				CLANG_WARN_SUSPICIOUS_MOVE = YES;
				CLANG_WARN_UNGUARDED_AVAILABILITY = YES_AGGRESSIVE;
				CLANG_WARN_UNREACHABLE_CODE = YES;
				CLANG_WARN__DUPLICATE_METHOD_MATCH = YES;
				COPY_PHASE_STRIP = NO;
				DEBUG_INFORMATION_FORMAT = "dwarf-with-dsym";
				ENABLE_NS_ASSERTIONS = NO;
				ENABLE_STRICT_OBJC_MSGSEND = YES;
				ENABLE_USER_SCRIPT_SANDBOXING = YES;
				GCC_C_LANGUAGE_STANDARD = gnu17;
				GCC_NO_COMMON_BLOCKS = YES;
				GCC_WARN_64_TO_32_BIT_CONVERSION = YES;
				GCC_WARN_ABOUT_RETURN_TYPE = YES_ERROR;
				GCC_WARN_UNDECLARED_SELECTOR = YES;
				GCC_WARN_UNINITIALIZED_AUTOS = YES_AGGRESSIVE;
				GCC_WARN_UNUSED_FUNCTION = YES;
				GCC_WARN_UNUSED_VARIABLE = YES;
				IPHONEOS_DEPLOYMENT_TARGET = 17.5;
				LOCALIZATION_PREFERS_STRING_CATALOGS = YES;
				MTL_ENABLE_DEBUG_INFO = NO;
				MTL_FAST_MATH = YES;
				SDKROOT = iphoneos;
				SWIFT_COMPILATION_MODE = wholemodule;
				VALIDATE_PRODUCT = YES;
			};
			name = Release;
		};
		0B6794012CB1DA82001DBE18 /* Debug */ = {
			isa = XCBuildConfiguration;
			buildSettings = {
				ASSETCATALOG_COMPILER_APPICON_NAME = AppIcon;
				ASSETCATALOG_COMPILER_GLOBAL_ACCENT_COLOR_NAME = AccentColor;
				CLANG_ENABLE_MODULES = YES;
				CODE_SIGN_STYLE = Automatic;
				CURRENT_PROJECT_VERSION = 1;
				GENERATE_INFOPLIST_FILE = YES;
				INFOPLIST_FILE = mistikaios/Info.plist;
				INFOPLIST_KEY_UIApplicationSupportsIndirectInputEvents = YES;
				INFOPLIST_KEY_UILaunchStoryboardName = LaunchScreen;
				INFOPLIST_KEY_UIMainStoryboardFile = Main;
				INFOPLIST_KEY_UISupportedInterfaceOrientations_iPad = "UIInterfaceOrientationPortrait UIInterfaceOrientationPortraitUpsideDown UIInterfaceOrientationLandscapeLeft UIInterfaceOrientationLandscapeRight";
				INFOPLIST_KEY_UISupportedInterfaceOrientations_iPhone = "UIInterfaceOrientationPortrait UIInterfaceOrientationLandscapeLeft UIInterfaceOrientationLandscapeRight";
				IPHONEOS_DEPLOYMENT_TARGET = 15.0;
				LD_RUNPATH_SEARCH_PATHS = (
					"$(inherited)",
					"@executable_path/Frameworks",
				);
				MARKETING_VERSION = 1.0;
				PRODUCT_BUNDLE_IDENTIFIER = com.mistikaios.app;
				PRODUCT_NAME = "$(TARGET_NAME)";
				SWIFT_EMIT_LOC_STRINGS = YES;
				SWIFT_OPTIMIZATION_LEVEL = "-Onone";
				SWIFT_VERSION = 5.0;
				TARGETED_DEVICE_FAMILY = "1,2";
			};
			name = Debug;
		};
		0B6794022CB1DA82001DBE18 /* Release */ = {
			isa = XCBuildConfiguration;
			buildSettings = {
				ASSETCATALOG_COMPILER_APPICON_NAME = AppIcon;
				ASSETCATALOG_COMPILER_GLOBAL_ACCENT_COLOR_NAME = AccentColor;
				CLANG_ENABLE_MODULES = YES;
				CODE_SIGN_STYLE = Automatic;
				CURRENT_PROJECT_VERSION = 1;
				GENERATE_INFOPLIST_FILE = YES;
				INFOPLIST_FILE = mistikaios/Info.plist;
				INFOPLIST_KEY_UIApplicationSupportsIndirectInputEvents = YES;
				INFOPLIST_KEY_UILaunchStoryboardName = LaunchScreen;
				INFOPLIST_KEY_UIMainStoryboardFile = Main;
				INFOPLIST_KEY_UISupportedInterfaceOrientations_iPad = "UIInterfaceOrientationPortrait UIInterfaceOrientationPortraitUpsideDown UIInterfaceOrientationLandscapeLeft UIInterfaceOrientationLandscapeRight";
				INFOPLIST_KEY_UISupportedInterfaceOrientations_iPhone = "UIInterfaceOrientationPortrait UIInterfaceOrientationLandscapeLeft UIInterfaceOrientationLandscapeRight";
				IPHONEOS_DEPLOYMENT_TARGET = 15.0;
				LD_RUNPATH_SEARCH_PATHS = (
					"$(inherited)",
					"@executable_path/Frameworks",
				);
				MARKETING_VERSION = 1.0;
				PRODUCT_BUNDLE_IDENTIFIER = com.mistikaios.app;
				PRODUCT_NAME = "$(TARGET_NAME)";
				SWIFT_EMIT_LOC_STRINGS = YES;
				SWIFT_VERSION = 5.0;
				TARGETED_DEVICE_FAMILY = "1,2";
			};
			name = Release;
		};
/* End XCBuildConfiguration section */

/* Begin XCConfigurationList section */
		0B6793E72CB1DA80001DBE18 /* Build configuration list for PBXProject "mistikaios" */ = {
			isa = XCConfigurationList;
			buildConfigurations = (
				0B6793FE2CB1DA82001DBE18 /* Debug */,
				0B6793FF2CB1DA82001DBE18 /* Release */,
			);
			defaultConfigurationIsVisible = 0;
			defaultConfigurationName = Release;
		};
		0B6794002CB1DA82001DBE18 /* Build configuration list for PBXNativeTarget "mistikaios" */ = {
			isa = XCConfigurationList;
			buildConfigurations = (
				0B6794012CB1DA82001DBE18 /* Debug */,
				0B6794022CB1DA82001DBE18 /* Release */,
			);
			defaultConfigurationIsVisible = 0;
			defaultConfigurationName = Release;
		};
/* End XCConfigurationList section */

/* Begin XCRemoteSwiftPackageReference section */
		0B27336A2CB1EE5900163F87 /* XCRemoteSwiftPackageReference "firebase-ios-sdk" */ = {
			isa = XCRemoteSwiftPackageReference;
			repositoryURL = "https://github.com/firebase/firebase-ios-sdk";
			requirement = {
				kind = versionRange;
				maximumVersion = 10.0.0;
				minimumVersion = 9.0.0;
			};
		};
/* End XCRemoteSwiftPackageReference section */

/* Begin XCSwiftPackageProductDependency section */
		0B27336C2CB1EE8D00163F87 /* FirebaseAuth */ = {
			isa = XCSwiftPackageProductDependency;
			package = 0B27336A2CB1EE5900163F87 /* XCRemoteSwiftPackageReference "firebase-ios-sdk" */;
			productName = FirebaseAuth;
		};
		0B27336E2CB1F03E00163F87 /* FirebaseDatabase */ = {
			isa = XCSwiftPackageProductDependency;
			package = 0B27336A2CB1EE5900163F87 /* XCRemoteSwiftPackageReference "firebase-ios-sdk" */;
			productName = FirebaseDatabase;
		};
		0B2733702CB1F06E00163F87 /* FirebaseFirestore */ = {
			isa = XCSwiftPackageProductDependency;
			package = 0B27336A2CB1EE5900163F87 /* XCRemoteSwiftPackageReference "firebase-ios-sdk" */;
			productName = FirebaseFirestore;
		};
		0B2733722CB1F07300163F87 /* FirebaseStorage */ = {
			isa = XCSwiftPackageProductDependency;
			package = 0B27336A2CB1EE5900163F87 /* XCRemoteSwiftPackageReference "firebase-ios-sdk" */;
			productName = FirebaseStorage;
		};
/* End XCSwiftPackageProductDependency section */
	};
	rootObject = 0B6793E42CB1DA80001DBE18 /* Project object */;
}
