// !$*UTF8*$!
{
	archiveVersion = 1;
	classes = {
	};
	objectVersion = 56;
	objects = {

/* Begin PBXBuildFile section */
		0B2733692CB1ED7C00163F87 /* GoogleService-Info.plist in Resources */ = {isa = PBXBuildFile; fileRef = 0B2733682CB1ED7C00163F87 /* GoogleService-Info.plist */; };
		0B27336D2CB1EE8D00163F87 /* FirebaseAuth in Frameworks */ = {isa = PBXBuildFile; productRef = 0B27336C2CB1EE8D00163F87 /* FirebaseAuth */; };
		0B27336F2CB1F03E00163F87 /* FirebaseDatabase in Frameworks */ = {isa = PBXBuildFile; productRef = 0B27336E2CB1F03E00163F87 /* FirebaseDatabase */; };
		0B2733712CB1F06E00163F87 /* FirebaseFirestore in Frameworks */ = {isa = PBXBuildFile; productRef = 0B2733702CB1F06E00163F87 /* FirebaseFirestore */; };
		0B2733732CB1F07300163F87 /* FirebaseStorage in Frameworks */ = {isa = PBXBuildFile; productRef = 0B2733722CB1F07300163F87 /* FirebaseStorage */; };
		0B2733772CB1FE8800163F87 /* logo.png in Resources */ = {isa = PBXBuildFile; fileRef = 0B2733762CB1FE8800163F87 /* logo.png */; };
		0B2733792CB2000200163F87 /* RegisterViewController.swift in Sources */ = {isa = PBXBuildFile; fileRef = 0B2733782CB2000200163F87 /* RegisterViewController.swift */; };
		0B27337B2CB2046900163F87 /* HomeViewController.swift in Sources */ = {isa = PBXBuildFile; fileRef = 0B27337A2CB2046900163F87 /* HomeViewController.swift */; };
		0B6793F02CB1DA80001DBE18 /* AppDelegate.swift in Sources */ = {isa = PBXBuildFile; fileRef = 0B6793EF2CB1DA80001DBE18 /* AppDelegate.swift */; };
		0B6793F22CB1DA80001DBE18 /* SceneDelegate.swift in Sources */ = {isa = PBXBuildFile; fileRef = 0B6793F12CB1DA80001DBE18 /* SceneDelegate.swift */; };
		0B6793F42CB1DA80001DBE18 /* LoginViewController.swift in Sources */ = {isa = PBXBuildFile; fileRef = 0B6793F32CB1DA80001DBE18 /* LoginViewController.swift */; };
		0B6793F72CB1DA80001DBE18 /* Base in Resources */ = {isa = PBXBuildFile; fileRef = 0B6793F62CB1DA80001DBE18 /* Base */; };
		0B6793F92CB1DA82001DBE18 /* Assets.xcassets in Resources */ = {isa = PBXBuildFile; fileRef = 0B6793F82CB1DA82001DBE18 /* Assets.xcassets */; };
		0B6793FC2CB1DA82001DBE18 /* Base in Resources */ = {isa = PBXBuildFile; fileRef = 0B6793FB2CB1DA82001DBE18 /* Base */; };
		0B6794082CB1DE2F001DBE18 /* AuthService.swift in Sources */ = {isa = PBXBuildFile; fileRef = 0B6794072CB1DE2F001DBE18 /* AuthService.swift */; };
		0B9E90612CB238C4004AC740 /* MainViewController.swift in Sources */ = {isa = PBXBuildFile; fileRef = 0B9E90602CB238C4004AC740 /* MainViewController.swift */; };
/* End PBXBuildFile section */

/* Begin PBXFileReference section */
		0B2733682CB1ED7C00163F87 /* GoogleService-Info.plist */ = {isa = PBXFileReference; fileEncoding = 4; lastKnownFileType = text.plist.xml; path = "GoogleService-Info.plist"; sourceTree = "<group>"; };
		0B2733762CB1FE8800163F87 /* logo.png */ = {isa = PBXFileReference; lastKnownFileType = image.png; path = logo.png; sourceTree = "<group>"; };
		0B2733782CB2000200163F87 /* RegisterViewController.swift */ = {isa = PBXFileReference; lastKnownFileType = sourcecode.swift; path = RegisterViewController.swift; sourceTree = "<group>"; };
		0B27337A2CB2046900163F87 /* HomeViewController.swift */ = {isa = PBXFileReference; lastKnownFileType = sourcecode.swift; path = HomeViewController.swift; sourceTree = "<group>"; };
		0B6793EC2CB1DA80001DBE18 /* mistikaios.app */ = {isa = PBXFileReference; explicitFileType = wrapper.application; includeInIndex = 0; path = mistikaios.app; sourceTree = BUILT_PRODUCTS_DIR; };
		0B6793EF2CB1DA80001DBE18 /* AppDelegate.swift */ = {isa = PBXFileReference; lastKnownFileType = sourcecode.swift; path = AppDelegate.swift; sourceTree = "<group>"; };
		0B6793F12CB1DA80001DBE18 /* SceneDelegate.swift */ = {isa = PBXFileReference; lastKnownFileType = sourcecode.swift; path = SceneDelegate.swift; sourceTree = "<group>"; };
		0B6793F32CB1DA80001DBE18 /* LoginViewController.swift */ = {isa = PBXFileReference; lastKnownFileType = sourcecode.swift; path = LoginViewController.swift; sourceTree = "<group>"; };
		0B6793F62CB1DA80001DBE18 /* Base */ = {isa = PBXFileReference; lastKnownFileType = file.storyboard; name = Base; path = Base.lproj/Main.storyboard; sourceTree = "<group>"; };
		0B6793F82CB1DA82001DBE18 /* Assets.xcassets */ = {isa = PBXFileReference; lastKnownFileType = folder.assetcatalog; path = Assets.xcassets; sourceTree = "<group>"; };
		0B6793FB2CB1DA82001DBE18 /* Base */ = {isa = PBXFileReference; lastKnownFileType = file.storyboard; name = Base; path = Base.lproj/LaunchScreen.storyboard; sourceTree = "<group>"; };
		0B6793FD2CB1DA82001DBE18 /* Info.plist */ = {isa = PBXFileReference; lastKnownFileType = text.plist.xml; path = Info.plist; sourceTree = "<group>"; };
		0B6794072CB1DE2F001DBE18 /* AuthService.swift */ = {isa = PBXFileReference; lastKnownFileType = sourcecode.swift; path = AuthService.swift; sourceTree = "<group>"; };
		0B9E90602CB238C4004AC740 /* MainViewController.swift */ = {isa = PBXFileReference; lastKnownFileType = sourcecode.swift; path = MainViewController.swift; sourceTree = "<group>"; };
/* End PBXFileReference section */

/* Begin PBXFrameworksBuildPhase section */
		0B6793E92CB1DA80001DBE18 /* Frameworks */ = {
			isa = PBXFrameworksBuildPhase;
			buildActionMask = 2147483647;
			files = (
				0B27336F2CB1F03E00163F87 /* FirebaseDatabase in Frameworks */,
				0B2733732CB1F07300163F87 /* FirebaseStorage in Frameworks */,
				0B27336D2CB1EE8D00163F87 /* FirebaseAuth in Frameworks */,
				0B2733712CB1F06E00163F87 /* FirebaseFirestore in Frameworks */,
			);
			runOnlyForDeploymentPostprocessing = 0;
		};
/* End PBXFrameworksBuildPhase section */

/* Begin PBXGroup section */
		0B27336B2CB1EE8D00163F87 /* Frameworks */ = {
			isa = PBXGroup;
			children = (
			);
			name = Frameworks;
			sourceTree = "<group>";
		};
		0B6793E32CB1DA80001DBE18 = {
			isa = PBXGroup;
			children = (
				0B6793EE2CB1DA80001DBE18 /* mistikaios */,
				0B6793ED2CB1DA80001DBE18 /* Products */,
				0B27336B2CB1EE8D00163F87 /* Frameworks */,
			);
			sourceTree = "<group>";
		};
		0B6793ED2CB1DA80001DBE18 /* Products */ = {
			isa = PBXGroup;
			children = (
				0B6793EC2CB1DA80001DBE18 /* mistikaios.app */,
			);
			name = Products;
			sourceTree = "<group>";
		};
		0B6793EE2CB1DA80001DBE18 /* mistikaios */ = {
			isa = PBXGroup;
			children = (
				0B2733762CB1FE8800163F87 /* logo.png */,
				0B2733682CB1ED7C00163F87 /* GoogleService-Info.plist */,
				0B6794062CB1DCDA001DBE18 /* Services */,
				0B6794052CB1DCAA001DBE18 /* Controllers */,
				0B6794032CB1DC94001DBE18 /* Models */,
				0B6793EF2CB1DA80001DBE18 /* AppDelegate.swift */,
				0B6793F12CB1DA80001DBE18 /* SceneDelegate.swift */,
				0B6793F52CB1DA80001DBE18 /* Main.storyboard */,
				0B6793F82CB1DA82001DBE18 /* Assets.xcassets */,
				0B6793FA2CB1DA82001DBE18 /* LaunchScreen.storyboard */,
				0B6793FD2CB1DA82001DBE18 /* Info.plist */,
			);
			path = mistikaios;
			sourceTree = "<group>";
		};
		0B6794032CB1DC94001DBE18 /* Models */ = {
			isa = PBXGroup;
			children = (
			);
			path = Models;
			sourceTree = "<group>";
		};
		0B6794052CB1DCAA001DBE18 /* Controllers */ = {
			isa = PBXGroup;
			children = (
				0B6793F32CB1DA80001DBE18 /* LoginViewController.swift */,
				0B2733782CB2000200163F87 /* RegisterViewController.swift */,
				0B27337A2CB2046900163F87 /* HomeViewController.swift */,
				0B9E90602CB238C4004AC740 /* MainViewController.swift */,
			);
			path = Controllers;
			sourceTree = "<group>";
		};
		0B6794062CB1DCDA001DBE18 /* Services */ = {
			isa = PBXGroup;
			children = (
				0B6794072CB1DE2F001DBE18 /* AuthService.swift */,
			);
			path = Services;
			sourceTree = "<group>";
		};
/* End PBXGroup section */

/* Begin PBXNativeTarget section */
		0B6793EB2CB1DA80001DBE18 /* mistikaios */ = {
			isa = PBXNativeTarget;
			buildConfigurationList = 0B6794002CB1DA82001DBE18 /* Build configuration list for PBXNativeTarget "mistikaios" */;
			buildPhases = (
				0B6793E82CB1DA80001DBE18 /* Sources */,
				0B6793E92CB1DA80001DBE18 /* Frameworks */,
				0B6793EA2CB1DA80001DBE18 /* Resources */,
			);
			buildRules = (
			);
			dependencies = (
			);
			name = mistikaios;
			packageProductDependencies = (
				0B27336C2CB1EE8D00163F87 /* FirebaseAuth */,
				0B27336E2CB1F03E00163F87 /* FirebaseDatabase */,
				0B2733702CB1F06E00163F87 /* FirebaseFirestore */,
				0B2733722CB1F07300163F87 /* FirebaseStorage */,
			);
			productName = mistikaios;
			productReference = 0B6793EC2CB1DA80001DBE18 /* mistikaios.app */;
			productType = "com.apple.product-type.application";
		};
/* End PBXNativeTarget section */

/* Begin PBXProject section */
		0B6793E42CB1DA80001DBE18 /* Project object */ = {
			isa = PBXProject;
			attributes = {
				BuildIndependentTargetsInParallel = 1;
				LastSwiftUpdateCheck = 1540;
				LastUpgradeCheck = 1540;
				TargetAttributes = {
					0B6793EB2CB1DA80001DBE18 = {
						CreatedOnToolsVersion = 15.4;
					};
				};
			};
			buildConfigurationList = 0B6793E72CB1DA80001DBE18 /* Build configuration list for PBXProject "mistikaios" */;
			compatibilityVersion = "Xcode 14.0";
			developmentRegion = en;
			hasScannedForEncodings = 0;
			knownRegions = (
				en,
				Base,
			);
			mainGroup = 0B6793E32CB1DA80001DBE18;
			packageReferences = (
				0B27336A2CB1EE5900163F87 /* XCRemoteSwiftPackageReference "firebase-ios-sdk" */,
			);
			productRefGroup = 0B6793ED2CB1DA80001DBE18 /* Products */;
			projectDirPath = "";
			projectRoot = "";
			targets = (
				0B6793EB2CB1DA80001DBE18 /* mistikaios */,
			);
		};
/* End PBXProject section */

/* Begin PBXResourcesBuildPhase section */
		0B6793EA2CB1DA80001DBE18 /* Resources */ = {
			isa = PBXResourcesBuildPhase;
			buildActionMask = 2147483647;
			files = (
				0B6793F92CB1DA82001DBE18 /* Assets.xcassets in Resources */,
				0B2733772CB1FE8800163F87 /* logo.png in Resources */,
				0B2733692CB1ED7C00163F87 /* GoogleService-Info.plist in Resources */,
				0B6793FC2CB1DA82001DBE18 /* Base in Resources */,
				0B6793F72CB1DA80001DBE18 /* Base in Resources */,
			);
			runOnlyForDeploymentPostprocessing = 0;
		};
/* End PBXResourcesBuildPhase section */

/* Begin PBXSourcesBuildPhase section */
		0B6793E82CB1DA80001DBE18 /* Sources */ = {
			isa = PBXSourcesBuildPhase;
			buildActionMask = 2147483647;
			files = (
				0B9E90612CB238C4004AC740 /* MainViewController.swift in Sources */,
				0B6793F42CB1DA80001DBE18 /* LoginViewController.swift in Sources */,
				0B2733792CB2000200163F87 /* RegisterViewController.swift in Sources */,
				0B6793F02CB1DA80001DBE18 /* AppDelegate.swift in Sources */,
				0B6794082CB1DE2F001DBE18 /* AuthService.swift in Sources */,
				0B6793F22CB1DA80001DBE18 /* SceneDelegate.swift in Sources */,
				0B27337B2CB2046900163F87 /* HomeViewController.swift in Sources */,
			);
			runOnlyForDeploymentPostprocessing = 0;
		};
/* End PBXSourcesBuildPhase section */

/* Begin PBXVariantGroup section */
		0B6793F52CB1DA80001DBE18 /* Main.storyboard */ = {
			isa = PBXVariantGroup;
			children = (
				0B6793F62CB1DA80001DBE18 /* Base */,
			);
			name = Main.storyboard;
			sourceTree = "<group>";
		};
		0B6793FA2CB1DA82001DBE18 /* LaunchScreen.storyboard */ = {
			isa = PBXVariantGroup;
			children = (
				0B6793FB2CB1DA82001DBE18 /* Base */,
			);
			name = LaunchScreen.storyboard;
			sourceTree = "<group>";
		};
/* End PBXVariantGroup section */

/* Begin XCBuildConfiguration section */
		0B6793FE2CB1DA82001DBE18 /* Debug */ = {
			isa = XCBuildConfiguration;
			buildSettings = {
				ALWAYS_SEARCH_USER_PATHS = NO;
				ASSETCATALOG_COMPILER_GENERATE_SWIFT_ASSET_SYMBOL_EXTENSIONS = YES;
				CLANG_ANALYZER_NONNULL = YES;
				CLANG_ANALYZER_NUMBER_OBJECT_CONVERSION = YES_AGGRESSIVE;
				CLANG_CXX_LANGUAGE_STANDARD = "gnu++20";
				CLANG_ENABLE_MODULES = YES;
				CLANG_ENABLE_OBJC_ARC = YES;
				CLANG_ENABLE_OBJC_WEAK = YES;
				CLANG_WARN_BLOCK_CAPTURE_AUTORELEASING = YES;
				CLANG_WARN_BOOL_CONVERSION = YES;
				CLANG_WARN_COMMA = YES;
				CLANG_WARN_CONSTANT_CONVERSION = YES;
				CLANG_WARN_DEPRECATED_OBJC_IMPLEMENTATIONS = YES;
				CLANG_WARN_DIRECT_OBJC_ISA_USAGE = YES_ERROR;
				CLANG_WARN_DOCUMENTATION_COMMENTS = YES;
				CLANG_WARN_EMPTY_BODY = YES;
				CLANG_WARN_ENUM_CONVERSION = YES;
				CLANG_WARN_INFINITE_RECURSION = YES;
				CLANG_WARN_INT_CONVERSION = YES;
				CLANG_WARN_NON_LITERAL_NULL_CONVERSION = YES;
				CLANG_WARN_OBJC_IMPLICIT_RETAIN_SELF = YES;
				CLANG_WARN_OBJC_LITERAL_CONVERSION = YES;
				CLANG_WARN_OBJC_ROOT_CLASS = YES_ERROR;
				CLANG_WARN_QUOTED_INCLUDE_IN_FRAMEWORK_HEADER = YES;
				CLANG_WARN_RANGE_LOOP_ANALYSIS = YES;
				CLANG_WARN_STRICT_PROTOTYPES = YES;
				CLANG_WARN_SUSPICIOUS_MOVE = YES;
				CLANG_WARN_UNGUARDED_AVAILABILITY = YES_AGGRESSIVE;
				CLANG_WARN_UNREACHABLE_CODE = YES;
				CLANG_WARN__DUPLICATE_METHOD_MATCH = YES;
				COPY_PHASE_STRIP = NO;
				DEBUG_INFORMATION_FORMAT = dwarf;
				ENABLE_STRICT_OBJC_MSGSEND = YES;
				ENABLE_TESTABILITY = YES;
				ENABLE_USER_SCRIPT_SANDBOXING = YES;
				GCC_C_LANGUAGE_STANDARD = gnu17;
				GCC_DYNAMIC_NO_PIC = NO;
				GCC_NO_COMMON_BLOCKS = YES;
				GCC_OPTIMIZATION_LEVEL = 0;
				GCC_PREPROCESSOR_DEFINITIONS = (
					"DEBUG=1",
					"$(inherited)",
				);
				GCC_WARN_64_TO_32_BIT_CONVERSION = YES;
				GCC_WARN_ABOUT_RETURN_TYPE = YES_ERROR;
				GCC_WARN_UNDECLARED_SELECTOR = YES;
				GCC_WARN_UNINITIALIZED_AUTOS = YES_AGGRESSIVE;
				GCC_WARN_UNUSED_FUNCTION = YES;
				GCC_WARN_UNUSED_VARIABLE = YES;
				IPHONEOS_DEPLOYMENT_TARGET = 17.5;
				LOCALIZATION_PREFERS_STRING_CATALOGS = YES;
				MTL_ENABLE_DEBUG_INFO = INCLUDE_SOURCE;
				MTL_FAST_MATH = YES;
				ONLY_ACTIVE_ARCH = YES;
				SDKROOT = iphoneos;
				SWIFT_ACTIVE_COMPILATION_CONDITIONS = "DEBUG $(inherited)";
				SWIFT_OPTIMIZATION_LEVEL = "-Onone";
			};
			name = Debug;
		};
		0B6793FF2CB1DA82001DBE18 /* Release */ = {
			isa = XCBuildConfiguration;
			buildSettings = {
				ALWAYS_SEARCH_USER_PATHS = NO;
				ASSETCATALOG_COMPILER_GENERATE_SWIFT_ASSET_SYMBOL_EXTENSIONS = YES;
				CLANG_ANALYZER_NONNULL = YES;
				CLANG_ANALYZER_NUMBER_OBJECT_CONVERSION = YES_AGGRESSIVE;
				CLANG_CXX_LANGUAGE_STANDARD = "gnu++20";
				CLANG_ENABLE_MODULES = YES;
				CLANG_ENABLE_OBJC_ARC = YES;
				CLANG_ENABLE_OBJC_WEAK = YES;
				CLANG_WARN_BLOCK_CAPTURE_AUTORELEASING = YES;
				CLANG_WARN_BOOL_CONVERSION = YES;
				CLANG_WARN_COMMA = YES;
				CLANG_WARN_CONSTANT_CONVERSION = YES;
				CLANG_WARN_DEPRECATED_OBJC_IMPLEMENTATIONS = YES;
				CLANG_WARN_DIRECT_OBJC_ISA_USAGE = YES_ERROR;
				CLANG_WARN_DOCUMENTATION_COMMENTS = YES;
				CLANG_WARN_EMPTY_BODY = YES;
				CLANG_WARN_ENUM_CONVERSION = YES;
				CLANG_WARN_INFINITE_RECURSION = YES;
				CLANG_WARN_INT_CONVERSION = YES;
				CLANG_WARN_NON_LITERAL_NULL_CONVERSION = YES;
				CLANG_WARN_OBJC_IMPLICIT_RETAIN_SELF = YES;
				CLANG_WARN_OBJC_LITERAL_CONVERSION = YES;
				CLANG_WARN_OBJC_ROOT_CLASS = YES_ERROR;
				CLANG_WARN_QUOTED_INCLUDE_IN_FRAMEWORK_HEADER = YES;
				CLANG_WARN_RANGE_LOOP_ANALYSIS = YES;
				CLANG_WARN_STRICT_PROTOTYPES = YES;
				CLANG_WARN_SUSPICIOUS_MOVE = YES;
				CLANG_WARN_UNGUARDED_AVAILABILITY = YES_AGGRESSIVE;
				CLANG_WARN_UNREACHABLE_CODE = YES;
				CLANG_WARN__DUPLICATE_METHOD_MATCH = YES;
				COPY_PHASE_STRIP = NO;
				DEBUG_INFORMATION_FORMAT = "dwarf-with-dsym";
				ENABLE_NS_ASSERTIONS = NO;
				ENABLE_STRICT_OBJC_MSGSEND = YES;
				ENABLE_USER_SCRIPT_SANDBOXING = YES;
				GCC_C_LANGUAGE_STANDARD = gnu17;
				GCC_NO_COMMON_BLOCKS = YES;
				GCC_WARN_64_TO_32_BIT_CONVERSION = YES;
				GCC_WARN_ABOUT_RETURN_TYPE = YES_ERROR;
				GCC_WARN_UNDECLARED_SELECTOR = YES;
				GCC_WARN_UNINITIALIZED_AUTOS = YES_AGGRESSIVE;
				GCC_WARN_UNUSED_FUNCTION = YES;
				GCC_WARN_UNUSED_VARIABLE = YES;
				IPHONEOS_DEPLOYMENT_TARGET = 17.5;
				LOCALIZATION_PREFERS_STRING_CATALOGS = YES;
				MTL_ENABLE_DEBUG_INFO = NO;
				MTL_FAST_MATH = YES;
				SDKROOT = iphoneos;
				SWIFT_COMPILATION_MODE = wholemodule;
				VALIDATE_PRODUCT = YES;
			};
			name = Release;
		};
		0B6794012CB1DA82001DBE18 /* Debug */ = {
			isa = XCBuildConfiguration;
			buildSettings = {
				ASSETCATALOG_COMPILER_APPICON_NAME = AppIcon;
				ASSETCATALOG_COMPILER_GLOBAL_ACCENT_COLOR_NAME = AccentColor;
				CODE_SIGN_STYLE = Automatic;
				CURRENT_PROJECT_VERSION = 1;
				GENERATE_INFOPLIST_FILE = YES;
				INFOPLIST_FILE = mistikaios/Info.plist;
				INFOPLIST_KEY_UIApplicationSupportsIndirectInputEvents = YES;
				INFOPLIST_KEY_UILaunchStoryboardName = LaunchScreen;
				INFOPLIST_KEY_UIMainStoryboardFile = Main;
				INFOPLIST_KEY_UISupportedInterfaceOrientations_iPad = "UIInterfaceOrientationPortrait UIInterfaceOrientationPortraitUpsideDown UIInterfaceOrientationLandscapeLeft UIInterfaceOrientationLandscapeRight";
				INFOPLIST_KEY_UISupportedInterfaceOrientations_iPhone = "UIInterfaceOrientationPortrait UIInterfaceOrientationLandscapeLeft UIInterfaceOrientationLandscapeRight";
				LD_RUNPATH_SEARCH_PATHS = (
					"$(inherited)",
					"@executable_path/Frameworks",
				);
				MARKETING_VERSION = 1.0;
				PRODUCT_BUNDLE_IDENTIFIER = com.mistikaios.app;
				PRODUCT_NAME = "$(TARGET_NAME)";
				SWIFT_EMIT_LOC_STRINGS = YES;
				SWIFT_VERSION = 5.0;
				TARGETED_DEVICE_FAMILY = "1,2";
			};
			name = Debug;
		};
		0B6794022CB1DA82001DBE18 /* Release */ = {
			isa = XCBuildConfiguration;
			buildSettings = {
				ASSETCATALOG_COMPILER_APPICON_NAME = AppIcon;
				ASSETCATALOG_COMPILER_GLOBAL_ACCENT_COLOR_NAME = AccentColor;
				CODE_SIGN_STYLE = Automatic;
				CURRENT_PROJECT_VERSION = 1;
				GENERATE_INFOPLIST_FILE = YES;
				INFOPLIST_FILE = mistikaios/Info.plist;
				INFOPLIST_KEY_UIApplicationSupportsIndirectInputEvents = YES;
				INFOPLIST_KEY_UILaunchStoryboardName = LaunchScreen;
				INFOPLIST_KEY_UIMainStoryboardFile = Main;
				INFOPLIST_KEY_UISupportedInterfaceOrientations_iPad = "UIInterfaceOrientationPortrait UIInterfaceOrientationPortraitUpsideDown UIInterfaceOrientationLandscapeLeft UIInterfaceOrientationLandscapeRight";
				INFOPLIST_KEY_UISupportedInterfaceOrientations_iPhone = "UIInterfaceOrientationPortrait UIInterfaceOrientationLandscapeLeft UIInterfaceOrientationLandscapeRight";
				LD_RUNPATH_SEARCH_PATHS = (
					"$(inherited)",
					"@executable_path/Frameworks",
				);
				MARKETING_VERSION = 1.0;
				PRODUCT_BUNDLE_IDENTIFIER = com.mistikaios.app;
				PRODUCT_NAME = "$(TARGET_NAME)";
				SWIFT_EMIT_LOC_STRINGS = YES;
				SWIFT_VERSION = 5.0;
				TARGETED_DEVICE_FAMILY = "1,2";
			};
			name = Release;
		};
/* End XCBuildConfiguration section */

/* Begin XCConfigurationList section */
		0B6793E72CB1DA80001DBE18 /* Build configuration list for PBXProject "mistikaios" */ = {
			isa = XCConfigurationList;
			buildConfigurations = (
				0B6793FE2CB1DA82001DBE18 /* Debug */,
				0B6793FF2CB1DA82001DBE18 /* Release */,
			);
			defaultConfigurationIsVisible = 0;
			defaultConfigurationName = Release;
		};
		0B6794002CB1DA82001DBE18 /* Build configuration list for PBXNativeTarget "mistikaios" */ = {
			isa = XCConfigurationList;
			buildConfigurations = (
				0B6794012CB1DA82001DBE18 /* Debug */,
				0B6794022CB1DA82001DBE18 /* Release */,
			);
			defaultConfigurationIsVisible = 0;
			defaultConfigurationName = Release;
		};
/* End XCConfigurationList section */

/* Begin XCRemoteSwiftPackageReference section */
		0B27336A2CB1EE5900163F87 /* XCRemoteSwiftPackageReference "firebase-ios-sdk" */ = {
			isa = XCRemoteSwiftPackageReference;
			repositoryURL = "https://github.com/firebase/firebase-ios-sdk";
			requirement = {
				kind = upToNextMajorVersion;
				minimumVersion = 11.3.0;
			};
		};
/* End XCRemoteSwiftPackageReference section */

/* Begin XCSwiftPackageProductDependency section */
		0B27336C2CB1EE8D00163F87 /* FirebaseAuth */ = {
			isa = XCSwiftPackageProductDependency;
			package = 0B27336A2CB1EE5900163F87 /* XCRemoteSwiftPackageReference "firebase-ios-sdk" */;
			productName = FirebaseAuth;
		};
		0B27336E2CB1F03E00163F87 /* FirebaseDatabase */ = {
			isa = XCSwiftPackageProductDependency;
			package = 0B27336A2CB1EE5900163F87 /* XCRemoteSwiftPackageReference "firebase-ios-sdk" */;
			productName = FirebaseDatabase;
		};
		0B2733702CB1F06E00163F87 /* FirebaseFirestore */ = {
			isa = XCSwiftPackageProductDependency;
			package = 0B27336A2CB1EE5900163F87 /* XCRemoteSwiftPackageReference "firebase-ios-sdk" */;
			productName = FirebaseFirestore;
		};
		0B2733722CB1F07300163F87 /* FirebaseStorage */ = {
			isa = XCSwiftPackageProductDependency;
			package = 0B27336A2CB1EE5900163F87 /* XCRemoteSwiftPackageReference "firebase-ios-sdk" */;
			productName = FirebaseStorage;
		};
/* End XCSwiftPackageProductDependency section */
	};
	rootObject = 0B6793E42CB1DA80001DBE18 /* Project object */;
}
